{
  "name": "ai-development-framework",
  "version": "0.5.0",
  "lockfileVersion": 3,
  "requires": true,
  "packages": {
    "": {
      "name": "ai-development-framework",
      "version": "0.5.0",
      "license": "MIT",
      "bin": {
        "ai-framework": "cli/index.js"
      },
      "engines": {
        "node": ">=18"
      }
    }
  }
}
